
Microsoft Visual Studio Solution File, Format Version 12.00
# Visual Studio Version 17
VisualStudioVersion = 17.6.33801.468
MinimumVisualStudioVersion = 10.0.40219.1
Project("{FAE04EC0-301F-11D3-BF4B-00C04F79EFBC}") = "BusinessSol", "BusinessSol\BusinessSol.csproj", "{0FA68717-F2EB-4D50-A453-AFF82D6D04E8}"
EndProject
Global
	GlobalSection(SolutionConfigurationPlatforms) = preSolution
		Debug|Any CPU = Debug|Any CPU
		Release|Any CPU = Release|Any CPU
	EndGlobalSection
	GlobalSection(ProjectConfigurationPlatforms) = postSolution
		{0FA68717-F2EB-4D50-A453-AFF82D6D04E8}.Debug|Any CPU.ActiveCfg = Debug|Any CPU
		{0FA68717-F2EB-4D50-A453-AFF82D6D04E8}.Debug|Any CPU.Build.0 = Debug|Any CPU
		{0FA68717-F2EB-4D50-A453-AFF82D6D04E8}.Release|Any CPU.ActiveCfg = Release|Any CPU
		{0FA68717-F2EB-4D50-A453-AFF82D6D04E8}.Release|Any CPU.Build.0 = Release|Any CPU
	EndGlobalSection
	GlobalSection(SolutionProperties) = preSolution
		HideSolutionNode = FALSE
	EndGlobalSection
	GlobalSection(ExtensibilityGlobals) = postSolution
		SolutionGuid = {67D633BF-BE28-4EA6-8377-4F5B4971A4D2}
	EndGlobalSection
EndGlobal
